
Microsoft Visual Studio Solution File, Format Version 12.00
# Visual Studio Version 17
VisualStudioVersion = 17.3.32929.385
MinimumVisualStudioVersion = 10.0.40219.1
Project("{FAE04EC0-301F-11D3-BF4B-00C04F79EFBC}") = "(Exec_StringMembers2_Q6)-21 謝孟勳", "(Exec_StringMembers2_Q6)-21 謝孟勳\(Exec_StringMembers2_Q6)-21 謝孟勳.csproj", "{1EB55595-A56B-404A-A1ED-44279E7E96D8}"
EndProject
Global
	GlobalSection(SolutionConfigurationPlatforms) = preSolution
		Debug|Any CPU = Debug|Any CPU
		Release|Any CPU = Release|Any CPU
	EndGlobalSection
	GlobalSection(ProjectConfigurationPlatforms) = postSolution
		{1EB55595-A56B-404A-A1ED-44279E7E96D8}.Debug|Any CPU.ActiveCfg = Debug|Any CPU
		{1EB55595-A56B-404A-A1ED-44279E7E96D8}.Debug|Any CPU.Build.0 = Debug|Any CPU
		{1EB55595-A56B-404A-A1ED-44279E7E96D8}.Release|Any CPU.ActiveCfg = Release|Any CPU
		{1EB55595-A56B-404A-A1ED-44279E7E96D8}.Release|Any CPU.Build.0 = Release|Any CPU
	EndGlobalSection
	GlobalSection(SolutionProperties) = preSolution
		HideSolutionNode = FALSE
	EndGlobalSection
	GlobalSection(ExtensibilityGlobals) = postSolution
		SolutionGuid = {82934957-BDC3-4413-BFF3-136988714CC6}
	EndGlobalSection
EndGlobal
